
Microsoft Visual Studio Solution File, Format Version 12.00
# Visual Studio 2012
Project("{FAE04EC0-301F-11D3-BF4B-00C04F79EFBC}") = "HelloMagnesium.Android", "HelloMagnesium.Android.csproj", "{1E028C5B-9BD0-46D0-91F3-DE3C1AF09514}"
EndProject
Project("{FAE04EC0-301F-11D3-BF4B-00C04F79EFBC}") = "Magnesium", "..\..\Magnesium\Magnesium.csproj", "{9F9AC448-9D17-43E5-8889-285426290891}"
EndProject
Project("{FAE04EC0-301F-11D3-BF4B-00C04F79EFBC}") = "MonoGame.Graphics", "..\..\MonoGame.Graphics\MonoGame.Graphics.csproj", "{52C293E3-DCC5-43BE-A94F-DBE0CF44E25E}"
EndProject
Project("{FAE04EC0-301F-11D3-BF4B-00C04F79EFBC}") = "MonoGame.Core", "..\..\MonoGame.Core\MonoGame.Core.csproj", "{699977AD-6D8C-4E0B-ADDA-554B66002D08}"
EndProject
Project("{FAE04EC0-301F-11D3-BF4B-00C04F79EFBC}") = "MonoGame.Content", "..\..\MonoGame.Content\MonoGame.Content.csproj", "{E44E47ED-2203-4E45-85A9-C755B10AC044}"
EndProject
Project("{FAE04EC0-301F-11D3-BF4B-00C04F79EFBC}") = "Magnesium.OpenGL", "..\..\Magnesium.OpenGL\Magnesium.OpenGL.csproj", "{84924A0F-0D4C-4B0C-B16A-4F26DD838AF2}"
EndProject
Project("{FAE04EC0-301F-11D3-BF4B-00C04F79EFBC}") = "Magnesium.OpenGL.DesktopGL", "..\..\Magnesium.OpenGL.DesktopGL\Magnesium.OpenGL.DesktopGL.csproj", "{156D7F9D-1243-4EDB-9E45-24FAF2F40A4C}"
EndProject
Global
	GlobalSection(SolutionConfigurationPlatforms) = preSolution
		Debug|Any CPU = Debug|Any CPU
		Release|Any CPU = Release|Any CPU
	EndGlobalSection
	GlobalSection(ProjectConfigurationPlatforms) = postSolution
		{1E028C5B-9BD0-46D0-91F3-DE3C1AF09514}.Debug|Any CPU.ActiveCfg = Debug|Any CPU
		{1E028C5B-9BD0-46D0-91F3-DE3C1AF09514}.Debug|Any CPU.Build.0 = Debug|Any CPU
		{1E028C5B-9BD0-46D0-91F3-DE3C1AF09514}.Release|Any CPU.ActiveCfg = Release|Any CPU
		{1E028C5B-9BD0-46D0-91F3-DE3C1AF09514}.Release|Any CPU.Build.0 = Release|Any CPU
		{52C293E3-DCC5-43BE-A94F-DBE0CF44E25E}.Debug|Any CPU.ActiveCfg = Debug|Any CPU
		{52C293E3-DCC5-43BE-A94F-DBE0CF44E25E}.Debug|Any CPU.Build.0 = Debug|Any CPU
		{52C293E3-DCC5-43BE-A94F-DBE0CF44E25E}.Release|Any CPU.ActiveCfg = Release|Any CPU
		{52C293E3-DCC5-43BE-A94F-DBE0CF44E25E}.Release|Any CPU.Build.0 = Release|Any CPU
		{699977AD-6D8C-4E0B-ADDA-554B66002D08}.Debug|Any CPU.ActiveCfg = Debug|Any CPU
		{699977AD-6D8C-4E0B-ADDA-554B66002D08}.Debug|Any CPU.Build.0 = Debug|Any CPU
		{699977AD-6D8C-4E0B-ADDA-554B66002D08}.Release|Any CPU.ActiveCfg = Release|Any CPU
		{699977AD-6D8C-4E0B-ADDA-554B66002D08}.Release|Any CPU.Build.0 = Release|Any CPU
		{9F9AC448-9D17-43E5-8889-285426290891}.Debug|Any CPU.ActiveCfg = Debug|Any CPU
		{9F9AC448-9D17-43E5-8889-285426290891}.Debug|Any CPU.Build.0 = Debug|Any CPU
		{9F9AC448-9D17-43E5-8889-285426290891}.Release|Any CPU.ActiveCfg = Release|Any CPU
		{9F9AC448-9D17-43E5-8889-285426290891}.Release|Any CPU.Build.0 = Release|Any CPU
		{E44E47ED-2203-4E45-85A9-C755B10AC044}.Debug|Any CPU.ActiveCfg = Debug|Any CPU
		{E44E47ED-2203-4E45-85A9-C755B10AC044}.Debug|Any CPU.Build.0 = Debug|Any CPU
		{E44E47ED-2203-4E45-85A9-C755B10AC044}.Release|Any CPU.ActiveCfg = Release|Any CPU
		{E44E47ED-2203-4E45-85A9-C755B10AC044}.Release|Any CPU.Build.0 = Release|Any CPU
		{84924A0F-0D4C-4B0C-B16A-4F26DD838AF2}.Debug|Any CPU.ActiveCfg = Debug|Any CPU
		{84924A0F-0D4C-4B0C-B16A-4F26DD838AF2}.Debug|Any CPU.Build.0 = Debug|Any CPU
		{84924A0F-0D4C-4B0C-B16A-4F26DD838AF2}.Release|Any CPU.ActiveCfg = Release|Any CPU
		{84924A0F-0D4C-4B0C-B16A-4F26DD838AF2}.Release|Any CPU.Build.0 = Release|Any CPU
		{156D7F9D-1243-4EDB-9E45-24FAF2F40A4C}.Debug|Any CPU.ActiveCfg = Debug|Any CPU
		{156D7F9D-1243-4EDB-9E45-24FAF2F40A4C}.Debug|Any CPU.Build.0 = Debug|Any CPU
		{156D7F9D-1243-4EDB-9E45-24FAF2F40A4C}.Release|Any CPU.ActiveCfg = Release|Any CPU
		{156D7F9D-1243-4EDB-9E45-24FAF2F40A4C}.Release|Any CPU.Build.0 = Release|Any CPU
	EndGlobalSection
EndGlobal
